{
    "beberlei/doctrineextensions": {
        "version": "v1.2.3"
    },
    "symfony/form": {
        "version": "v4.3.7"
    },
    "symfony/intl": {
        "version": "v4.3.7"
    },
    "symfony/options-resolver": {
        "version": "v4.3.7"
    },
    "symfony/polyfill-intl-icu": {
        "version": "v1.12.0"
    },
    "symfony/validator": {
        "version": "4.3",
        "recipe": {
            "repo": "github.com/symfony/recipes",
            "branch": "master",
            "version": "4.3",
            "ref": "d902da3e4952f18d3bf05aab29512eb61cabd869"
        },
        "files": [
            "./config/packages/test/validator.yaml",
            "./config/packages/validator.yaml"
        ]
    }
}
